
Microsoft Visual Studio Solution File, Format Version 12.00
# Visual Studio Version 17
VisualStudioVersion = 17.6.33829.357
MinimumVisualStudioVersion = 10.0.40219.1
Project("{54A90642-561A-4BB1-A94E-469ADEE60C69}") = "RealSenseApp1", "RealSenseApp1\RealSenseApp1.esproj", "{E08E29BA-EBF1-4BAB-96E2-85CA6190721F}"
EndProject
Global
	GlobalSection(SolutionConfigurationPlatforms) = preSolution
		Debug|Any CPU = Debug|Any CPU
		Release|Any CPU = Release|Any CPU
	EndGlobalSection
	GlobalSection(ProjectConfigurationPlatforms) = postSolution
		{E08E29BA-EBF1-4BAB-96E2-85CA6190721F}.Debug|Any CPU.ActiveCfg = Debug|Any CPU
		{E08E29BA-EBF1-4BAB-96E2-85CA6190721F}.Debug|Any CPU.Build.0 = Debug|Any CPU
		{E08E29BA-EBF1-4BAB-96E2-85CA6190721F}.Debug|Any CPU.Deploy.0 = Debug|Any CPU
		{E08E29BA-EBF1-4BAB-96E2-85CA6190721F}.Release|Any CPU.ActiveCfg = Release|Any CPU
		{E08E29BA-EBF1-4BAB-96E2-85CA6190721F}.Release|Any CPU.Build.0 = Release|Any CPU
		{E08E29BA-EBF1-4BAB-96E2-85CA6190721F}.Release|Any CPU.Deploy.0 = Release|Any CPU
	EndGlobalSection
	GlobalSection(SolutionProperties) = preSolution
		HideSolutionNode = FALSE
	EndGlobalSection
	GlobalSection(ExtensibilityGlobals) = postSolution
		SolutionGuid = {BFA0A1ED-F12B-432C-A176-A8AFB77B9DFE}
	EndGlobalSection
EndGlobal
